
Microsoft Visual Studio Solution File, Format Version 12.00
# Visual Studio Version 17
VisualStudioVersion = 17.0.32014.148
MinimumVisualStudioVersion = 10.0.40219.1
Project("{FAE04EC0-301F-11D3-BF4B-00C04F79EFBC}") = "baiTap13_1", "baiTap13_1\baiTap13_1.csproj", "{52846348-16BD-410F-98D7-3EC5DE042D5C}"
EndProject
Global
	GlobalSection(SolutionConfigurationPlatforms) = preSolution
		Debug|Any CPU = Debug|Any CPU
		Release|Any CPU = Release|Any CPU
	EndGlobalSection
	GlobalSection(ProjectConfigurationPlatforms) = postSolution
		{52846348-16BD-410F-98D7-3EC5DE042D5C}.Debug|Any CPU.ActiveCfg = Debug|Any CPU
		{52846348-16BD-410F-98D7-3EC5DE042D5C}.Debug|Any CPU.Build.0 = Debug|Any CPU
		{52846348-16BD-410F-98D7-3EC5DE042D5C}.Release|Any CPU.ActiveCfg = Release|Any CPU
		{52846348-16BD-410F-98D7-3EC5DE042D5C}.Release|Any CPU.Build.0 = Release|Any CPU
	EndGlobalSection
	GlobalSection(SolutionProperties) = preSolution
		HideSolutionNode = FALSE
	EndGlobalSection
	GlobalSection(ExtensibilityGlobals) = postSolution
		SolutionGuid = {68056320-F04C-4FC9-BE57-E4241237F112}
	EndGlobalSection
EndGlobal
